
Microsoft Visual Studio Solution File, Format Version 12.00
# Visual Studio Version 17
VisualStudioVersion = 17.14.36429.23
MinimumVisualStudioVersion = 10.0.40219.1
Project("{2150E333-8FDC-42A3-9474-1A3956D46DE8}") = "Task0", "Task0", "{02EA681E-C7D8-13C7-8484-4AC65E1B71E8}"
EndProject
Project("{FAE04EC0-301F-11D3-BF4B-00C04F79EFBC}") = "ConsoleApp1Tyuiu.ZavyalovKA.Sprint0.Task0.V0", "ConsoleApp1Tyuiu.ZavyalovKA.Sprint0.Task0.V0\ConsoleApp1Tyuiu.ZavyalovKA.Sprint0.Task0.V0.csproj", "{A1A1436A-9DFD-4C93-AC55-39539ED8A800}"
EndProject
Project("{2150E333-8FDC-42A3-9474-1A3956D46DE8}") = "Task1", "Task1", "{25240A8D-75CC-418B-B5F9-7B9E2202FF2F}"
EndProject
Project("{FAE04EC0-301F-11D3-BF4B-00C04F79EFBC}") = "Tyuiu.ZavyalovKA.Sprint0.Task1.V0", "Tyuiu.ZavyalovKA.Sprint0.Task1.V0\Tyuiu.ZavyalovKA.Sprint0.Task1.V0.csproj", "{F5ED3280-D051-43DB-AE83-76DF0E3DEB71}"
EndProject
Project("{2150E333-8FDC-42A3-9474-1A3956D46DE8}") = "Task2", "Task2", "{98E622BD-6ADA-457C-8E97-6D723F553C4C}"
EndProject
Project("{FAE04EC0-301F-11D3-BF4B-00C04F79EFBC}") = "Tyuiu.ZavyalovKA.Sprint0.Task2.V0", "Tyuiu.ZavyalovKA.Sprint0.Task2.V0\Tyuiu.ZavyalovKA.Sprint0.Task2.V0.csproj", "{400143E9-41FD-4F33-8396-123186FE532B}"
EndProject
Project("{FAE04EC0-301F-11D3-BF4B-00C04F79EFBC}") = "Tyuiu.ZavyalovKA.Sprint0.Task2.V0.Lib", "Tyuiu.ZavyalovKA.Sprint0.Task2.V0.Lib\Tyuiu.ZavyalovKA.Sprint0.Task2.V0.Lib.csproj", "{21F13770-D1CD-4024-BADE-429EC72EA3EB}"
EndProject
Project("{FAE04EC0-301F-11D3-BF4B-00C04F79EFBC}") = "Tyuiu.ZavyalovKA.Sprint0.Task2.V0.Test", "Tyuiu.ZavyalovKA.Sprint0.Task2.V0.Test\Tyuiu.ZavyalovKA.Sprint0.Task2.V0.Test.csproj", "{185E92C5-1DFD-44F0-AB1E-F46CA7BB0D62}"
EndProject
Project("{2150E333-8FDC-42A3-9474-1A3956D46DE8}") = "Task3", "Task3", "{8403E232-1D63-4949-8202-717B16270C1C}"
EndProject
Project("{FAE04EC0-301F-11D3-BF4B-00C04F79EFBC}") = "Tyuiu.ZavyalovKA.Sprint0.Task3.V0", "Tyuiu.ZavyalovKA.Sprint0.Task3.V0\Tyuiu.ZavyalovKA.Sprint0.Task3.V0.csproj", "{9490E149-3644-4254-8598-0209D9114EFA}"
EndProject
Project("{FAE04EC0-301F-11D3-BF4B-00C04F79EFBC}") = "Tyuiu.ZavyalovKA.Sprint0.Task3.V0.Lib", "Tyuiu.ZavyalovKA.Sprint0.Task3.V0.Lib\Tyuiu.ZavyalovKA.Sprint0.Task3.V0.Lib.csproj", "{2D779160-77C6-4CAD-92BA-C611CEBC22A8}"
EndProject
Project("{FAE04EC0-301F-11D3-BF4B-00C04F79EFBC}") = "Tyuiu.ZavyalovKA.Sprint0.Task3.V0.Test", "Tyuiu.ZavyalovKA.Sprint0.Task3.V0.Test\Tyuiu.ZavyalovKA.Sprint0.Task3.V0.Test.csproj", "{4FE50DFC-5011-420C-8F9A-744949ABFCB1}"
EndProject
Global
	GlobalSection(SolutionConfigurationPlatforms) = preSolution
		Debug|Any CPU = Debug|Any CPU
		Release|Any CPU = Release|Any CPU
	EndGlobalSection
	GlobalSection(ProjectConfigurationPlatforms) = postSolution
		{A1A1436A-9DFD-4C93-AC55-39539ED8A800}.Debug|Any CPU.ActiveCfg = Debug|Any CPU
		{A1A1436A-9DFD-4C93-AC55-39539ED8A800}.Debug|Any CPU.Build.0 = Debug|Any CPU
		{A1A1436A-9DFD-4C93-AC55-39539ED8A800}.Release|Any CPU.ActiveCfg = Release|Any CPU
		{A1A1436A-9DFD-4C93-AC55-39539ED8A800}.Release|Any CPU.Build.0 = Release|Any CPU
		{F5ED3280-D051-43DB-AE83-76DF0E3DEB71}.Debug|Any CPU.ActiveCfg = Debug|Any CPU
		{F5ED3280-D051-43DB-AE83-76DF0E3DEB71}.Debug|Any CPU.Build.0 = Debug|Any CPU
		{F5ED3280-D051-43DB-AE83-76DF0E3DEB71}.Release|Any CPU.ActiveCfg = Release|Any CPU
		{F5ED3280-D051-43DB-AE83-76DF0E3DEB71}.Release|Any CPU.Build.0 = Release|Any CPU
		{400143E9-41FD-4F33-8396-123186FE532B}.Debug|Any CPU.ActiveCfg = Debug|Any CPU
		{400143E9-41FD-4F33-8396-123186FE532B}.Debug|Any CPU.Build.0 = Debug|Any CPU
		{400143E9-41FD-4F33-8396-123186FE532B}.Release|Any CPU.ActiveCfg = Release|Any CPU
		{400143E9-41FD-4F33-8396-123186FE532B}.Release|Any CPU.Build.0 = Release|Any CPU
		{21F13770-D1CD-4024-BADE-429EC72EA3EB}.Debug|Any CPU.ActiveCfg = Debug|Any CPU
		{21F13770-D1CD-4024-BADE-429EC72EA3EB}.Debug|Any CPU.Build.0 = Debug|Any CPU
		{21F13770-D1CD-4024-BADE-429EC72EA3EB}.Release|Any CPU.ActiveCfg = Release|Any CPU
		{21F13770-D1CD-4024-BADE-429EC72EA3EB}.Release|Any CPU.Build.0 = Release|Any CPU
		{185E92C5-1DFD-44F0-AB1E-F46CA7BB0D62}.Debug|Any CPU.ActiveCfg = Debug|Any CPU
		{185E92C5-1DFD-44F0-AB1E-F46CA7BB0D62}.Debug|Any CPU.Build.0 = Debug|Any CPU
		{185E92C5-1DFD-44F0-AB1E-F46CA7BB0D62}.Release|Any CPU.ActiveCfg = Release|Any CPU
		{185E92C5-1DFD-44F0-AB1E-F46CA7BB0D62}.Release|Any CPU.Build.0 = Release|Any CPU
		{9490E149-3644-4254-8598-0209D9114EFA}.Debug|Any CPU.ActiveCfg = Debug|Any CPU
		{9490E149-3644-4254-8598-0209D9114EFA}.Debug|Any CPU.Build.0 = Debug|Any CPU
		{9490E149-3644-4254-8598-0209D9114EFA}.Release|Any CPU.ActiveCfg = Release|Any CPU
		{9490E149-3644-4254-8598-0209D9114EFA}.Release|Any CPU.Build.0 = Release|Any CPU
		{2D779160-77C6-4CAD-92BA-C611CEBC22A8}.Debug|Any CPU.ActiveCfg = Debug|Any CPU
		{2D779160-77C6-4CAD-92BA-C611CEBC22A8}.Debug|Any CPU.Build.0 = Debug|Any CPU
		{2D779160-77C6-4CAD-92BA-C611CEBC22A8}.Release|Any CPU.ActiveCfg = Release|Any CPU
		{2D779160-77C6-4CAD-92BA-C611CEBC22A8}.Release|Any CPU.Build.0 = Release|Any CPU
		{4FE50DFC-5011-420C-8F9A-744949ABFCB1}.Debug|Any CPU.ActiveCfg = Debug|Any CPU
		{4FE50DFC-5011-420C-8F9A-744949ABFCB1}.Debug|Any CPU.Build.0 = Debug|Any CPU
		{4FE50DFC-5011-420C-8F9A-744949ABFCB1}.Release|Any CPU.ActiveCfg = Release|Any CPU
		{4FE50DFC-5011-420C-8F9A-744949ABFCB1}.Release|Any CPU.Build.0 = Release|Any CPU
	EndGlobalSection
	GlobalSection(SolutionProperties) = preSolution
		HideSolutionNode = FALSE
	EndGlobalSection
	GlobalSection(NestedProjects) = preSolution
		{A1A1436A-9DFD-4C93-AC55-39539ED8A800} = {02EA681E-C7D8-13C7-8484-4AC65E1B71E8}
		{25240A8D-75CC-418B-B5F9-7B9E2202FF2F} = {02EA681E-C7D8-13C7-8484-4AC65E1B71E8}
		{F5ED3280-D051-43DB-AE83-76DF0E3DEB71} = {25240A8D-75CC-418B-B5F9-7B9E2202FF2F}
		{400143E9-41FD-4F33-8396-123186FE532B} = {98E622BD-6ADA-457C-8E97-6D723F553C4C}
		{21F13770-D1CD-4024-BADE-429EC72EA3EB} = {98E622BD-6ADA-457C-8E97-6D723F553C4C}
		{185E92C5-1DFD-44F0-AB1E-F46CA7BB0D62} = {98E622BD-6ADA-457C-8E97-6D723F553C4C}
		{9490E149-3644-4254-8598-0209D9114EFA} = {8403E232-1D63-4949-8202-717B16270C1C}
		{2D779160-77C6-4CAD-92BA-C611CEBC22A8} = {8403E232-1D63-4949-8202-717B16270C1C}
		{4FE50DFC-5011-420C-8F9A-744949ABFCB1} = {8403E232-1D63-4949-8202-717B16270C1C}
	EndGlobalSection
	GlobalSection(ExtensibilityGlobals) = postSolution
		SolutionGuid = {6342910B-338A-49EC-B2E3-FFFC5603865C}
	EndGlobalSection
EndGlobal
